<Solution>
  <Folder Name="/samples/">
    <Project Path="samples/AgentView.Wpf.Demo/AgentView.Wpf.Demo.csproj" />
    <Project Path="samples/BlazorAgentView.Demo/BlazorAgentView.Demo.csproj" />
  </Folder>
  <Folder Name="/Solution Items/">
    <File Path="README.md" />
  </Folder>
  <Folder Name="/src/">
    <Project Path="src/AgentView.Wpf/AgentView.Wpf.csproj" />
    <Project Path="src/BlazorAgentView/BlazorAgentView.csproj" />
    <Project Path="src/BlazorAgentView.SignalR/BlazorAgentView.SignalR.csproj" />
  </Folder>
  <Folder Name="/tests/">
    <Project Path="tests/AgentView.Wpf.Tests/AgentView.Wpf.Tests.csproj" />
  </Folder>
</Solution>
